
Microsoft Visual Studio Solution File, Format Version 12.00
# Visual Studio Version 17
VisualStudioVersion = 17.8.34330.188
MinimumVisualStudioVersion = 10.0.40219.1
Project("{9A19103F-16F7-4668-BE54-9A1E7A4F7556}") = "LoadingXMLGameData", "LoadingXMLGameData.csproj", "{341192C4-B67C-47E2-8CFA-6ECF7D861D46}"
EndProject
Project("{FAE04EC0-301F-11D3-BF4B-00C04F79EFBC}") = "XMLContent", "..\XMLContent\XMLContent.csproj", "{723C39F5-0F57-4834-BFC3-44487EB9334E}"
EndProject
Global
	GlobalSection(SolutionConfigurationPlatforms) = preSolution
		Debug|Any CPU = Debug|Any CPU
		Release|Any CPU = Release|Any CPU
	EndGlobalSection
	GlobalSection(ProjectConfigurationPlatforms) = postSolution
		{341192C4-B67C-47E2-8CFA-6ECF7D861D46}.Debug|Any CPU.ActiveCfg = Debug|Any CPU
		{341192C4-B67C-47E2-8CFA-6ECF7D861D46}.Debug|Any CPU.Build.0 = Debug|Any CPU
		{341192C4-B67C-47E2-8CFA-6ECF7D861D46}.Release|Any CPU.ActiveCfg = Release|Any CPU
		{341192C4-B67C-47E2-8CFA-6ECF7D861D46}.Release|Any CPU.Build.0 = Release|Any CPU
		{723C39F5-0F57-4834-BFC3-44487EB9334E}.Debug|Any CPU.ActiveCfg = Debug|Any CPU
		{723C39F5-0F57-4834-BFC3-44487EB9334E}.Debug|Any CPU.Build.0 = Debug|Any CPU
		{723C39F5-0F57-4834-BFC3-44487EB9334E}.Release|Any CPU.ActiveCfg = Release|Any CPU
		{723C39F5-0F57-4834-BFC3-44487EB9334E}.Release|Any CPU.Build.0 = Release|Any CPU
	EndGlobalSection
	GlobalSection(SolutionProperties) = preSolution
		HideSolutionNode = FALSE
	EndGlobalSection
	GlobalSection(ExtensibilityGlobals) = postSolution
		SolutionGuid = {34661967-407B-470D-8388-417487BD7D31}
	EndGlobalSection
EndGlobal
